// !$*UTF8*$!
{
	archiveVersion = 1;
	classes = {
	};
	objectVersion = 55;
	objects = {

/* Begin PBXBuildFile section */
		0BC103616496BCA044343E8D /* Pods_Kamaemon.framework in Frameworks */ = {isa = PBXBuildFile; fileRef = 2F18180FD6A62702D62363BC /* Pods_Kamaemon.framework */; };
		0E071FD9279ABB9C00B2BF1A /* EventTableViewCell.swift in Sources */ = {isa = PBXBuildFile; fileRef = 0E071FD7279ABB9C00B2BF1A /* EventTableViewCell.swift */; };
		0E071FDA279ABB9C00B2BF1A /* EventTableViewCell.xib in Resources */ = {isa = PBXBuildFile; fileRef = 0E071FD8279ABB9C00B2BF1A /* EventTableViewCell.xib */; };
		0E7BA331279B62C9009F8D87 /* LocationDelegate.swift in Sources */ = {isa = PBXBuildFile; fileRef = 0E7BA330279B62C9009F8D87 /* LocationDelegate.swift */; };
		0E947A182793EF9100A2D7B9 /* GoogleService-Info.plist in Resources */ = {isa = PBXBuildFile; fileRef = E66E64BF279307DC002BBE7E /* GoogleService-Info.plist */; };
		0E947A1C2794030D00A2D7B9 /* UIView.swift in Sources */ = {isa = PBXBuildFile; fileRef = 0E947A1B2794030D00A2D7B9 /* UIView.swift */; };
		0EA03F5F27959B6700E8BDA9 /* (null) in Resources */ = {isa = PBXBuildFile; };
		0EB49D242794578200C00848 /* UITextField.swift in Sources */ = {isa = PBXBuildFile; fileRef = 0EB49D232794578200C00848 /* UITextField.swift */; };
		0EB49D2D2794955D00C00848 /* OnboardingViewController.swift in Sources */ = {isa = PBXBuildFile; fileRef = 0EB49D2C2794955D00C00848 /* OnboardingViewController.swift */; };
		0EEE59472796D594009CCD01 /* VolunteerListViewController.swift in Sources */ = {isa = PBXBuildFile; fileRef = 0EEE59462796D594009CCD01 /* VolunteerListViewController.swift */; };
		0EF804592796E68A000AA92B /* Assets.xcassets in Resources */ = {isa = PBXBuildFile; fileRef = 0EF804582796E68A000AA92B /* Assets.xcassets */; };
		0EF8045B2797331C000AA92B /* event.swift in Sources */ = {isa = PBXBuildFile; fileRef = 0EF8045A2797331C000AA92B /* event.swift */; };
		0EF8045D279763AB000AA92B /* VolunteerDetailViewController.swift in Sources */ = {isa = PBXBuildFile; fileRef = 0EF8045C279763AB000AA92B /* VolunteerDetailViewController.swift */; };
		A04445722791BF3300689F32 /* AppDelegate.swift in Sources */ = {isa = PBXBuildFile; fileRef = A04445712791BF3300689F32 /* AppDelegate.swift */; };
		A04445742791BF3300689F32 /* SceneDelegate.swift in Sources */ = {isa = PBXBuildFile; fileRef = A04445732791BF3300689F32 /* SceneDelegate.swift */; };
		A04445762791BF3300689F32 /* ViewController.swift in Sources */ = {isa = PBXBuildFile; fileRef = A04445752791BF3300689F32 /* ViewController.swift */; };
		A04445792791BF3300689F32 /* Main.storyboard in Resources */ = {isa = PBXBuildFile; fileRef = A04445772791BF3300689F32 /* Main.storyboard */; };
		A044457C2791BF3300689F32 /* Kamaemon.xcdatamodeld in Sources */ = {isa = PBXBuildFile; fileRef = A044457A2791BF3300689F32 /* Kamaemon.xcdatamodeld */; };
		A04445812791BF3600689F32 /* LaunchScreen.storyboard in Resources */ = {isa = PBXBuildFile; fileRef = A044457F2791BF3600689F32 /* LaunchScreen.storyboard */; };
		A08B96792799DC260023C564 /* IdentityVerificationViewController.swift in Sources */ = {isa = PBXBuildFile; fileRef = A08B96782799DC260023C564 /* IdentityVerificationViewController.swift */; };
		A0AF6851279BE06800E5AACF /* 4432-face-scanning.json in Resources */ = {isa = PBXBuildFile; fileRef = A0AF6850279BE06800E5AACF /* 4432-face-scanning.json */; };
		A0B9A030279A7EF300F8E7BD /* FirebaseStorage in Frameworks */ = {isa = PBXBuildFile; productRef = A0B9A02F279A7EF300F8E7BD /* FirebaseStorage */; };
		E66E64C3279308B2002BBE7E /* FirebaseAuth in Frameworks */ = {isa = PBXBuildFile; productRef = E66E64C2279308B2002BBE7E /* FirebaseAuth */; };
		E66E64C5279308B2002BBE7E /* FirebaseAuthCombine-Community in Frameworks */ = {isa = PBXBuildFile; productRef = E66E64C4279308B2002BBE7E /* FirebaseAuthCombine-Community */; };
		E66E64C7279308B2002BBE7E /* FirebaseDatabase in Frameworks */ = {isa = PBXBuildFile; productRef = E66E64C6279308B2002BBE7E /* FirebaseDatabase */; };
		E66E64C9279308B2002BBE7E /* FirebaseDatabaseSwift-Beta in Frameworks */ = {isa = PBXBuildFile; productRef = E66E64C8279308B2002BBE7E /* FirebaseDatabaseSwift-Beta */; };
		E66E64CC27930989002BBE7E /* FirebaseAnalytics in Frameworks */ = {isa = PBXBuildFile; productRef = E66E64CB27930989002BBE7E /* FirebaseAnalytics */; };
		E66E64CE279335C5002BBE7E /* HomeViewController.swift in Sources */ = {isa = PBXBuildFile; fileRef = E66E64CD279335C4002BBE7E /* HomeViewController.swift */; };
		E6A97EBD2797082400E7DACC /* MessageViewController.swift in Sources */ = {isa = PBXBuildFile; fileRef = E6A97EBC2797082400E7DACC /* MessageViewController.swift */; };
		E6A97EC227970B1F00E7DACC /* ChatsTableViewController.swift in Sources */ = {isa = PBXBuildFile; fileRef = E6A97EC127970B1F00E7DACC /* ChatsTableViewController.swift */; };
		E6A97EC427973E4200E7DACC /* Message.swift in Sources */ = {isa = PBXBuildFile; fileRef = E6A97EC327973E4200E7DACC /* Message.swift */; };
		E6AE626027954ED800B41E63 /* RegisterPageViewController.swift in Sources */ = {isa = PBXBuildFile; fileRef = E6AE625F27954ED800B41E63 /* RegisterPageViewController.swift */; };
		E6AE62622795530F00B41E63 /* user.swift in Sources */ = {isa = PBXBuildFile; fileRef = E6AE62612795530F00B41E63 /* user.swift */; };
		E6BC1BFD279A88BB0049908B /* ProfilePageViewController.swift in Sources */ = {isa = PBXBuildFile; fileRef = E6BC1BFC279A88BB0049908B /* ProfilePageViewController.swift */; };
		E6BC1C00279AA2670049908B /* userDAL.swift in Sources */ = {isa = PBXBuildFile; fileRef = E6BC1BFF279AA2670049908B /* userDAL.swift */; };
		E6BC1C02279AAFBD0049908B /* SelectionQualificationViewController.swift in Sources */ = {isa = PBXBuildFile; fileRef = E6BC1C01279AAFBD0049908B /* SelectionQualificationViewController.swift */; };
/* End PBXBuildFile section */

/* Begin PBXFileReference section */
		0E071FD7279ABB9C00B2BF1A /* EventTableViewCell.swift */ = {isa = PBXFileReference; lastKnownFileType = sourcecode.swift; name = EventTableViewCell.swift; path = Event/EventTableViewCell.swift; sourceTree = "<group>"; };
		0E071FD8279ABB9C00B2BF1A /* EventTableViewCell.xib */ = {isa = PBXFileReference; lastKnownFileType = file.xib; name = EventTableViewCell.xib; path = Event/EventTableViewCell.xib; sourceTree = "<group>"; };
		0E7BA330279B62C9009F8D87 /* LocationDelegate.swift */ = {isa = PBXFileReference; lastKnownFileType = sourcecode.swift; path = LocationDelegate.swift; sourceTree = "<group>"; };
		0E947A1B2794030D00A2D7B9 /* UIView.swift */ = {isa = PBXFileReference; lastKnownFileType = sourcecode.swift; path = UIView.swift; sourceTree = "<group>"; };
		0EB49D232794578200C00848 /* UITextField.swift */ = {isa = PBXFileReference; lastKnownFileType = sourcecode.swift; path = UITextField.swift; sourceTree = "<group>"; };
		0EB49D2C2794955D00C00848 /* OnboardingViewController.swift */ = {isa = PBXFileReference; lastKnownFileType = sourcecode.swift; path = OnboardingViewController.swift; sourceTree = "<group>"; };
		0EEE59462796D594009CCD01 /* VolunteerListViewController.swift */ = {isa = PBXFileReference; lastKnownFileType = sourcecode.swift; path = VolunteerListViewController.swift; sourceTree = "<group>"; };
		0EF804582796E68A000AA92B /* Assets.xcassets */ = {isa = PBXFileReference; lastKnownFileType = folder.assetcatalog; path = Assets.xcassets; sourceTree = "<group>"; };
		0EF8045A2797331C000AA92B /* event.swift */ = {isa = PBXFileReference; lastKnownFileType = sourcecode.swift; path = event.swift; sourceTree = "<group>"; };
		0EF8045C279763AB000AA92B /* VolunteerDetailViewController.swift */ = {isa = PBXFileReference; lastKnownFileType = sourcecode.swift; path = VolunteerDetailViewController.swift; sourceTree = "<group>"; };
		2F18180FD6A62702D62363BC /* Pods_Kamaemon.framework */ = {isa = PBXFileReference; explicitFileType = wrapper.framework; includeInIndex = 0; path = Pods_Kamaemon.framework; sourceTree = BUILT_PRODUCTS_DIR; };
		A044456E2791BF3300689F32 /* Kamaemon.app */ = {isa = PBXFileReference; explicitFileType = wrapper.application; includeInIndex = 0; path = Kamaemon.app; sourceTree = BUILT_PRODUCTS_DIR; };
		A04445712791BF3300689F32 /* AppDelegate.swift */ = {isa = PBXFileReference; lastKnownFileType = sourcecode.swift; path = AppDelegate.swift; sourceTree = "<group>"; };
		A04445732791BF3300689F32 /* SceneDelegate.swift */ = {isa = PBXFileReference; lastKnownFileType = sourcecode.swift; path = SceneDelegate.swift; sourceTree = "<group>"; };
		A04445752791BF3300689F32 /* ViewController.swift */ = {isa = PBXFileReference; lastKnownFileType = sourcecode.swift; path = ViewController.swift; sourceTree = "<group>"; };
		A04445782791BF3300689F32 /* Base */ = {isa = PBXFileReference; lastKnownFileType = file.storyboard; name = Base; path = Base.lproj/Main.storyboard; sourceTree = "<group>"; };
		A044457B2791BF3300689F32 /* Kamaemon.xcdatamodel */ = {isa = PBXFileReference; lastKnownFileType = wrapper.xcdatamodel; path = Kamaemon.xcdatamodel; sourceTree = "<group>"; };
		A04445802791BF3600689F32 /* Base */ = {isa = PBXFileReference; lastKnownFileType = file.storyboard; name = Base; path = Base.lproj/LaunchScreen.storyboard; sourceTree = "<group>"; };
		A04445822791BF3600689F32 /* Info.plist */ = {isa = PBXFileReference; lastKnownFileType = text.plist.xml; path = Info.plist; sourceTree = "<group>"; };
		A08B96782799DC260023C564 /* IdentityVerificationViewController.swift */ = {isa = PBXFileReference; lastKnownFileType = sourcecode.swift; path = IdentityVerificationViewController.swift; sourceTree = "<group>"; };
		A0AF6850279BE06800E5AACF /* 4432-face-scanning.json */ = {isa = PBXFileReference; fileEncoding = 4; lastKnownFileType = text.json; path = "4432-face-scanning.json"; sourceTree = "<group>"; };
		A842F2E0879D96072A3C49E9 /* Pods-Kamaemon.debug.xcconfig */ = {isa = PBXFileReference; includeInIndex = 1; lastKnownFileType = text.xcconfig; name = "Pods-Kamaemon.debug.xcconfig"; path = "Target Support Files/Pods-Kamaemon/Pods-Kamaemon.debug.xcconfig"; sourceTree = "<group>"; };
		B6819080EF999DAD768FF109 /* Pods-Kamaemon.release.xcconfig */ = {isa = PBXFileReference; includeInIndex = 1; lastKnownFileType = text.xcconfig; name = "Pods-Kamaemon.release.xcconfig"; path = "Target Support Files/Pods-Kamaemon/Pods-Kamaemon.release.xcconfig"; sourceTree = "<group>"; };
		E66E64BF279307DC002BBE7E /* GoogleService-Info.plist */ = {isa = PBXFileReference; fileEncoding = 4; lastKnownFileType = text.plist.xml; path = "GoogleService-Info.plist"; sourceTree = "<group>"; };
		E66E64CD279335C4002BBE7E /* HomeViewController.swift */ = {isa = PBXFileReference; lastKnownFileType = sourcecode.swift; path = HomeViewController.swift; sourceTree = "<group>"; };
		E6A97EBC2797082400E7DACC /* MessageViewController.swift */ = {isa = PBXFileReference; lastKnownFileType = sourcecode.swift; path = MessageViewController.swift; sourceTree = "<group>"; };
		E6A97EC127970B1F00E7DACC /* ChatsTableViewController.swift */ = {isa = PBXFileReference; lastKnownFileType = sourcecode.swift; path = ChatsTableViewController.swift; sourceTree = "<group>"; };
		E6A97EC327973E4200E7DACC /* Message.swift */ = {isa = PBXFileReference; lastKnownFileType = sourcecode.swift; path = Message.swift; sourceTree = "<group>"; };
		E6AE625F27954ED800B41E63 /* RegisterPageViewController.swift */ = {isa = PBXFileReference; lastKnownFileType = sourcecode.swift; path = RegisterPageViewController.swift; sourceTree = "<group>"; };
		E6AE62612795530F00B41E63 /* user.swift */ = {isa = PBXFileReference; lastKnownFileType = sourcecode.swift; path = user.swift; sourceTree = "<group>"; };
		E6BC1BFC279A88BB0049908B /* ProfilePageViewController.swift */ = {isa = PBXFileReference; lastKnownFileType = sourcecode.swift; path = ProfilePageViewController.swift; sourceTree = "<group>"; };
		E6BC1BFF279AA2670049908B /* userDAL.swift */ = {isa = PBXFileReference; lastKnownFileType = sourcecode.swift; path = userDAL.swift; sourceTree = "<group>"; };
		E6BC1C01279AAFBD0049908B /* SelectionQualificationViewController.swift */ = {isa = PBXFileReference; lastKnownFileType = sourcecode.swift; path = SelectionQualificationViewController.swift; sourceTree = "<group>"; };
/* End PBXFileReference section */

/* Begin PBXFrameworksBuildPhase section */
		A044456B2791BF3300689F32 /* Frameworks */ = {
			isa = PBXFrameworksBuildPhase;
			buildActionMask = 2147483647;
			files = (
				E66E64C7279308B2002BBE7E /* FirebaseDatabase in Frameworks */,
				E66E64C3279308B2002BBE7E /* FirebaseAuth in Frameworks */,
				E66E64C9279308B2002BBE7E /* FirebaseDatabaseSwift-Beta in Frameworks */,
				E66E64CC27930989002BBE7E /* FirebaseAnalytics in Frameworks */,
				A0B9A030279A7EF300F8E7BD /* FirebaseStorage in Frameworks */,
				E66E64C5279308B2002BBE7E /* FirebaseAuthCombine-Community in Frameworks */,
				0BC103616496BCA044343E8D /* Pods_Kamaemon.framework in Frameworks */,
			);
			runOnlyForDeploymentPostprocessing = 0;
		};
/* End PBXFrameworksBuildPhase section */

/* Begin PBXGroup section */
		0E071FD2279AB84300B2BF1A /* CustomCell */ = {
			isa = PBXGroup;
			children = (
				0E071FD7279ABB9C00B2BF1A /* EventTableViewCell.swift */,
				0E071FD8279ABB9C00B2BF1A /* EventTableViewCell.xib */,
			);
			path = CustomCell;
			sourceTree = "<group>";
		};
		0E947A19279402AE00A2D7B9 /* ViewController */ = {
			isa = PBXGroup;
			children = (
				E66E64CD279335C4002BBE7E /* HomeViewController.swift */,
				A04445752791BF3300689F32 /* ViewController.swift */,
				0EB49D2C2794955D00C00848 /* OnboardingViewController.swift */,
				E6AE625F27954ED800B41E63 /* RegisterPageViewController.swift */,
				0EEE59462796D594009CCD01 /* VolunteerListViewController.swift */,
				E6A97EBC2797082400E7DACC /* MessageViewController.swift */,
				E6A97EC127970B1F00E7DACC /* ChatsTableViewController.swift */,
				0EF8045C279763AB000AA92B /* VolunteerDetailViewController.swift */,
				A08B96782799DC260023C564 /* IdentityVerificationViewController.swift */,
				E6BC1BFC279A88BB0049908B /* ProfilePageViewController.swift */,
				E6BC1C01279AAFBD0049908B /* SelectionQualificationViewController.swift */,
			);
			path = ViewController;
			sourceTree = "<group>";
		};
		0E947A1A279402C800A2D7B9 /* Extensions */ = {
			isa = PBXGroup;
			children = (
				0E947A1B2794030D00A2D7B9 /* UIView.swift */,
				0EB49D232794578200C00848 /* UITextField.swift */,
			);
			path = Extensions;
			sourceTree = "<group>";
		};
		0EB49D272794766D00C00848 /* Models */ = {
			isa = PBXGroup;
			children = (
				E6AE62612795530F00B41E63 /* user.swift */,
				0EF8045A2797331C000AA92B /* event.swift */,
				E6A97EC327973E4200E7DACC /* Message.swift */,
			);
			path = Models;
			sourceTree = "<group>";
		};
		0EB884862794B61600F5D971 /* Screens */ = {
			isa = PBXGroup;
			children = (
				0E071FD2279AB84300B2BF1A /* CustomCell */,
				A044457F2791BF3600689F32 /* LaunchScreen.storyboard */,
				A04445772791BF3300689F32 /* Main.storyboard */,
			);
			path = Screens;
			sourceTree = "<group>";
		};
		0EE11CD527941E150068234D /* Assets */ = {
			isa = PBXGroup;
			children = (
				0EF804582796E68A000AA92B /* Assets.xcassets */,
			);
			path = Assets;
			sourceTree = "<group>";
		};
		A04445652791BF3300689F32 = {
			isa = PBXGroup;
			children = (
				A04445702791BF3300689F32 /* Kamaemon */,
				A044456F2791BF3300689F32 /* Products */,
				F30F6FB407DCFE09E6818F57 /* Pods */,
				C7BC8E7EB9A4C4FEEE837E94 /* Frameworks */,
			);
			sourceTree = "<group>";
		};
		A044456F2791BF3300689F32 /* Products */ = {
			isa = PBXGroup;
			children = (
				A044456E2791BF3300689F32 /* Kamaemon.app */,
			);
			name = Products;
			sourceTree = "<group>";
		};
		A04445702791BF3300689F32 /* Kamaemon */ = {
			isa = PBXGroup;
			children = (
				A0AF684F279BE03300E5AACF /* LottieAnimations */,
				E6BC1BFE279AA24B0049908B /* Firebase DAL */,
				0EB884862794B61600F5D971 /* Screens */,
				0EB49D272794766D00C00848 /* Models */,
				0EE11CD527941E150068234D /* Assets */,
				0E947A1A279402C800A2D7B9 /* Extensions */,
				0E947A19279402AE00A2D7B9 /* ViewController */,
				A04445712791BF3300689F32 /* AppDelegate.swift */,
				0E7BA330279B62C9009F8D87 /* LocationDelegate.swift */,
				A04445732791BF3300689F32 /* SceneDelegate.swift */,
				A04445822791BF3600689F32 /* Info.plist */,
				A044457A2791BF3300689F32 /* Kamaemon.xcdatamodeld */,
				E66E64BF279307DC002BBE7E /* GoogleService-Info.plist */,
			);
			path = Kamaemon;
			sourceTree = "<group>";
		};
		A0AF684F279BE03300E5AACF /* LottieAnimations */ = {
			isa = PBXGroup;
			children = (
				A0AF6850279BE06800E5AACF /* 4432-face-scanning.json */,
			);
			path = LottieAnimations;
			sourceTree = "<group>";
		};
		C7BC8E7EB9A4C4FEEE837E94 /* Frameworks */ = {
			isa = PBXGroup;
			children = (
				2F18180FD6A62702D62363BC /* Pods_Kamaemon.framework */,
			);
			name = Frameworks;
			sourceTree = "<group>";
		};
		E6BC1BFE279AA24B0049908B /* Firebase DAL */ = {
			isa = PBXGroup;
			children = (
				E6BC1BFF279AA2670049908B /* userDAL.swift */,
			);
			path = "Firebase DAL";
			sourceTree = "<group>";
		};
		F30F6FB407DCFE09E6818F57 /* Pods */ = {
			isa = PBXGroup;
			children = (
				A842F2E0879D96072A3C49E9 /* Pods-Kamaemon.debug.xcconfig */,
				B6819080EF999DAD768FF109 /* Pods-Kamaemon.release.xcconfig */,
			);
			path = Pods;
			sourceTree = "<group>";
		};
/* End PBXGroup section */

/* Begin PBXNativeTarget section */
		A044456D2791BF3300689F32 /* Kamaemon */ = {
			isa = PBXNativeTarget;
			buildConfigurationList = A04445852791BF3600689F32 /* Build configuration list for PBXNativeTarget "Kamaemon" */;
			buildPhases = (
				0F624A3B3D7F21CF15730F70 /* [CP] Check Pods Manifest.lock */,
				A044456A2791BF3300689F32 /* Sources */,
				A044456B2791BF3300689F32 /* Frameworks */,
				A044456C2791BF3300689F32 /* Resources */,
				A0CFB615CB47F26095AA39EE /* [CP] Embed Pods Frameworks */,
			);
			buildRules = (
			);
			dependencies = (
			);
			name = Kamaemon;
			packageProductDependencies = (
				E66E64C2279308B2002BBE7E /* FirebaseAuth */,
				E66E64C4279308B2002BBE7E /* FirebaseAuthCombine-Community */,
				E66E64C6279308B2002BBE7E /* FirebaseDatabase */,
				E66E64C8279308B2002BBE7E /* FirebaseDatabaseSwift-Beta */,
				E66E64CB27930989002BBE7E /* FirebaseAnalytics */,
				A0B9A02F279A7EF300F8E7BD /* FirebaseStorage */,
			);
			productName = Kamaemon;
			productReference = A044456E2791BF3300689F32 /* Kamaemon.app */;
			productType = "com.apple.product-type.application";
		};
/* End PBXNativeTarget section */

/* Begin PBXProject section */
		A04445662791BF3300689F32 /* Project object */ = {
			isa = PBXProject;
			attributes = {
				BuildIndependentTargetsInParallel = 1;
				LastSwiftUpdateCheck = 1310;
				LastUpgradeCheck = 1310;
				TargetAttributes = {
					A044456D2791BF3300689F32 = {
						CreatedOnToolsVersion = 13.1;
					};
				};
			};
			buildConfigurationList = A04445692791BF3300689F32 /* Build configuration list for PBXProject "Kamaemon" */;
			compatibilityVersion = "Xcode 13.0";
			developmentRegion = en;
			hasScannedForEncodings = 0;
			knownRegions = (
				en,
				Base,
			);
			mainGroup = A04445652791BF3300689F32;
			packageReferences = (
				E66E64C1279308B2002BBE7E /* XCRemoteSwiftPackageReference "firebase-ios-sdk" */,
			);
			productRefGroup = A044456F2791BF3300689F32 /* Products */;
			projectDirPath = "";
			projectRoot = "";
			targets = (
				A044456D2791BF3300689F32 /* Kamaemon */,
			);
		};
/* End PBXProject section */

/* Begin PBXResourcesBuildPhase section */
		A044456C2791BF3300689F32 /* Resources */ = {
			isa = PBXResourcesBuildPhase;
			buildActionMask = 2147483647;
			files = (
				0E947A182793EF9100A2D7B9 /* GoogleService-Info.plist in Resources */,
				A04445812791BF3600689F32 /* LaunchScreen.storyboard in Resources */,
				0EA03F5F27959B6700E8BDA9 /* (null) in Resources */,
				0EF804592796E68A000AA92B /* Assets.xcassets in Resources */,
				A04445792791BF3300689F32 /* Main.storyboard in Resources */,
				A0AF6851279BE06800E5AACF /* 4432-face-scanning.json in Resources */,
				0E071FDA279ABB9C00B2BF1A /* EventTableViewCell.xib in Resources */,
			);
			runOnlyForDeploymentPostprocessing = 0;
		};
/* End PBXResourcesBuildPhase section */

/* Begin PBXShellScriptBuildPhase section */
		0F624A3B3D7F21CF15730F70 /* [CP] Check Pods Manifest.lock */ = {
			isa = PBXShellScriptBuildPhase;
			buildActionMask = 2147483647;
			files = (
			);
			inputFileListPaths = (
			);
			inputPaths = (
				"${PODS_PODFILE_DIR_PATH}/Podfile.lock",
				"${PODS_ROOT}/Manifest.lock",
			);
			name = "[CP] Check Pods Manifest.lock";
			outputFileListPaths = (
			);
			outputPaths = (
				"$(DERIVED_FILE_DIR)/Pods-Kamaemon-checkManifestLockResult.txt",
			);
			runOnlyForDeploymentPostprocessing = 0;
			shellPath = /bin/sh;
			shellScript = "diff \"${PODS_PODFILE_DIR_PATH}/Podfile.lock\" \"${PODS_ROOT}/Manifest.lock\" > /dev/null\nif [ $? != 0 ] ; then\n    # print error to STDERR\n    echo \"error: The sandbox is not in sync with the Podfile.lock. Run 'pod install' or update your CocoaPods installation.\" >&2\n    exit 1\nfi\n# This output is used by Xcode 'outputs' to avoid re-running this script phase.\necho \"SUCCESS\" > \"${SCRIPT_OUTPUT_FILE_0}\"\n";
			showEnvVarsInLog = 0;
		};
		A0CFB615CB47F26095AA39EE /* [CP] Embed Pods Frameworks */ = {
			isa = PBXShellScriptBuildPhase;
			buildActionMask = 2147483647;
			files = (
			);
			inputFileListPaths = (
				"${PODS_ROOT}/Target Support Files/Pods-Kamaemon/Pods-Kamaemon-frameworks-${CONFIGURATION}-input-files.xcfilelist",
			);
			name = "[CP] Embed Pods Frameworks";
			outputFileListPaths = (
				"${PODS_ROOT}/Target Support Files/Pods-Kamaemon/Pods-Kamaemon-frameworks-${CONFIGURATION}-output-files.xcfilelist",
			);
			runOnlyForDeploymentPostprocessing = 0;
			shellPath = /bin/sh;
			shellScript = "\"${PODS_ROOT}/Target Support Files/Pods-Kamaemon/Pods-Kamaemon-frameworks.sh\"\n";
			showEnvVarsInLog = 0;
		};
/* End PBXShellScriptBuildPhase section */

/* Begin PBXSourcesBuildPhase section */
		A044456A2791BF3300689F32 /* Sources */ = {
			isa = PBXSourcesBuildPhase;
			buildActionMask = 2147483647;
			files = (
				0EF8045B2797331C000AA92B /* event.swift in Sources */,
				E6AE62622795530F00B41E63 /* user.swift in Sources */,
				E6A97EC227970B1F00E7DACC /* ChatsTableViewController.swift in Sources */,
				E66E64CE279335C5002BBE7E /* HomeViewController.swift in Sources */,
				0EF8045D279763AB000AA92B /* VolunteerDetailViewController.swift in Sources */,
				A04445762791BF3300689F32 /* ViewController.swift in Sources */,
				0EB49D242794578200C00848 /* UITextField.swift in Sources */,
				0EB49D2D2794955D00C00848 /* OnboardingViewController.swift in Sources */,
				0E071FD9279ABB9C00B2BF1A /* EventTableViewCell.swift in Sources */,
				0E7BA331279B62C9009F8D87 /* LocationDelegate.swift in Sources */,
				A04445722791BF3300689F32 /* AppDelegate.swift in Sources */,
				E6AE626027954ED800B41E63 /* RegisterPageViewController.swift in Sources */,
				A044457C2791BF3300689F32 /* Kamaemon.xcdatamodeld in Sources */,
				A08B96792799DC260023C564 /* IdentityVerificationViewController.swift in Sources */,
				0E947A1C2794030D00A2D7B9 /* UIView.swift in Sources */,
				E6BC1C00279AA2670049908B /* userDAL.swift in Sources */,
				E6BC1BFD279A88BB0049908B /* ProfilePageViewController.swift in Sources */,
				E6BC1C02279AAFBD0049908B /* SelectionQualificationViewController.swift in Sources */,
				A04445742791BF3300689F32 /* SceneDelegate.swift in Sources */,
				E6A97EBD2797082400E7DACC /* MessageViewController.swift in Sources */,
				0EEE59472796D594009CCD01 /* VolunteerListViewController.swift in Sources */,
				E6A97EC427973E4200E7DACC /* Message.swift in Sources */,
			);
			runOnlyForDeploymentPostprocessing = 0;
		};
/* End PBXSourcesBuildPhase section */

/* Begin PBXVariantGroup section */
		A04445772791BF3300689F32 /* Main.storyboard */ = {
			isa = PBXVariantGroup;
			children = (
				A04445782791BF3300689F32 /* Base */,
			);
			name = Main.storyboard;
			sourceTree = "<group>";
		};
		A044457F2791BF3600689F32 /* LaunchScreen.storyboard */ = {
			isa = PBXVariantGroup;
			children = (
				A04445802791BF3600689F32 /* Base */,
			);
			name = LaunchScreen.storyboard;
			sourceTree = "<group>";
		};
/* End PBXVariantGroup section */

/* Begin XCBuildConfiguration section */
		A04445832791BF3600689F32 /* Debug */ = {
			isa = XCBuildConfiguration;
			buildSettings = {
				ALWAYS_SEARCH_USER_PATHS = NO;
				CLANG_ANALYZER_NONNULL = YES;
				CLANG_ANALYZER_NUMBER_OBJECT_CONVERSION = YES_AGGRESSIVE;
				CLANG_CXX_LANGUAGE_STANDARD = "gnu++17";
				CLANG_CXX_LIBRARY = "libc++";
				CLANG_ENABLE_MODULES = YES;
				CLANG_ENABLE_OBJC_ARC = YES;
				CLANG_ENABLE_OBJC_WEAK = YES;
				CLANG_WARN_BLOCK_CAPTURE_AUTORELEASING = YES;
				CLANG_WARN_BOOL_CONVERSION = YES;
				CLANG_WARN_COMMA = YES;
				CLANG_WARN_CONSTANT_CONVERSION = YES;
				CLANG_WARN_DEPRECATED_OBJC_IMPLEMENTATIONS = YES;
				CLANG_WARN_DIRECT_OBJC_ISA_USAGE = YES_ERROR;
				CLANG_WARN_DOCUMENTATION_COMMENTS = YES;
				CLANG_WARN_EMPTY_BODY = YES;
				CLANG_WARN_ENUM_CONVERSION = YES;
				CLANG_WARN_INFINITE_RECURSION = YES;
				CLANG_WARN_INT_CONVERSION = YES;
				CLANG_WARN_NON_LITERAL_NULL_CONVERSION = YES;
				CLANG_WARN_OBJC_IMPLICIT_RETAIN_SELF = YES;
				CLANG_WARN_OBJC_LITERAL_CONVERSION = YES;
				CLANG_WARN_OBJC_ROOT_CLASS = YES_ERROR;
				CLANG_WARN_QUOTED_INCLUDE_IN_FRAMEWORK_HEADER = YES;
				CLANG_WARN_RANGE_LOOP_ANALYSIS = YES;
				CLANG_WARN_STRICT_PROTOTYPES = YES;
				CLANG_WARN_SUSPICIOUS_MOVE = YES;
				CLANG_WARN_UNGUARDED_AVAILABILITY = YES_AGGRESSIVE;
				CLANG_WARN_UNREACHABLE_CODE = YES;
				CLANG_WARN__DUPLICATE_METHOD_MATCH = YES;
				COPY_PHASE_STRIP = NO;
				DEBUG_INFORMATION_FORMAT = dwarf;
				ENABLE_STRICT_OBJC_MSGSEND = YES;
				ENABLE_TESTABILITY = YES;
				GCC_C_LANGUAGE_STANDARD = gnu11;
				GCC_DYNAMIC_NO_PIC = NO;
				GCC_NO_COMMON_BLOCKS = YES;
				GCC_OPTIMIZATION_LEVEL = 0;
				GCC_PREPROCESSOR_DEFINITIONS = (
					"DEBUG=1",
					"$(inherited)",
				);
				GCC_WARN_64_TO_32_BIT_CONVERSION = YES;
				GCC_WARN_ABOUT_RETURN_TYPE = YES_ERROR;
				GCC_WARN_UNDECLARED_SELECTOR = YES;
				GCC_WARN_UNINITIALIZED_AUTOS = YES_AGGRESSIVE;
				GCC_WARN_UNUSED_FUNCTION = YES;
				GCC_WARN_UNUSED_VARIABLE = YES;
				IPHONEOS_DEPLOYMENT_TARGET = 15.0;
				MTL_ENABLE_DEBUG_INFO = INCLUDE_SOURCE;
				MTL_FAST_MATH = YES;
				ONLY_ACTIVE_ARCH = YES;
				SDKROOT = iphoneos;
				SWIFT_ACTIVE_COMPILATION_CONDITIONS = DEBUG;
				SWIFT_OPTIMIZATION_LEVEL = "-Onone";
			};
			name = Debug;
		};
		A04445842791BF3600689F32 /* Release */ = {
			isa = XCBuildConfiguration;
			buildSettings = {
				ALWAYS_SEARCH_USER_PATHS = NO;
				CLANG_ANALYZER_NONNULL = YES;
				CLANG_ANALYZER_NUMBER_OBJECT_CONVERSION = YES_AGGRESSIVE;
				CLANG_CXX_LANGUAGE_STANDARD = "gnu++17";
				CLANG_CXX_LIBRARY = "libc++";
				CLANG_ENABLE_MODULES = YES;
				CLANG_ENABLE_OBJC_ARC = YES;
				CLANG_ENABLE_OBJC_WEAK = YES;
				CLANG_WARN_BLOCK_CAPTURE_AUTORELEASING = YES;
				CLANG_WARN_BOOL_CONVERSION = YES;
				CLANG_WARN_COMMA = YES;
				CLANG_WARN_CONSTANT_CONVERSION = YES;
				CLANG_WARN_DEPRECATED_OBJC_IMPLEMENTATIONS = YES;
				CLANG_WARN_DIRECT_OBJC_ISA_USAGE = YES_ERROR;
				CLANG_WARN_DOCUMENTATION_COMMENTS = YES;
				CLANG_WARN_EMPTY_BODY = YES;
				CLANG_WARN_ENUM_CONVERSION = YES;
				CLANG_WARN_INFINITE_RECURSION = YES;
				CLANG_WARN_INT_CONVERSION = YES;
				CLANG_WARN_NON_LITERAL_NULL_CONVERSION = YES;
				CLANG_WARN_OBJC_IMPLICIT_RETAIN_SELF = YES;
				CLANG_WARN_OBJC_LITERAL_CONVERSION = YES;
				CLANG_WARN_OBJC_ROOT_CLASS = YES_ERROR;
				CLANG_WARN_QUOTED_INCLUDE_IN_FRAMEWORK_HEADER = YES;
				CLANG_WARN_RANGE_LOOP_ANALYSIS = YES;
				CLANG_WARN_STRICT_PROTOTYPES = YES;
				CLANG_WARN_SUSPICIOUS_MOVE = YES;
				CLANG_WARN_UNGUARDED_AVAILABILITY = YES_AGGRESSIVE;
				CLANG_WARN_UNREACHABLE_CODE = YES;
				CLANG_WARN__DUPLICATE_METHOD_MATCH = YES;
				COPY_PHASE_STRIP = NO;
				DEBUG_INFORMATION_FORMAT = "dwarf-with-dsym";
				ENABLE_NS_ASSERTIONS = NO;
				ENABLE_STRICT_OBJC_MSGSEND = YES;
				GCC_C_LANGUAGE_STANDARD = gnu11;
				GCC_NO_COMMON_BLOCKS = YES;
				GCC_WARN_64_TO_32_BIT_CONVERSION = YES;
				GCC_WARN_ABOUT_RETURN_TYPE = YES_ERROR;
				GCC_WARN_UNDECLARED_SELECTOR = YES;
				GCC_WARN_UNINITIALIZED_AUTOS = YES_AGGRESSIVE;
				GCC_WARN_UNUSED_FUNCTION = YES;
				GCC_WARN_UNUSED_VARIABLE = YES;
				IPHONEOS_DEPLOYMENT_TARGET = 15.0;
				MTL_ENABLE_DEBUG_INFO = NO;
				MTL_FAST_MATH = YES;
				SDKROOT = iphoneos;
				SWIFT_COMPILATION_MODE = wholemodule;
				SWIFT_OPTIMIZATION_LEVEL = "-O";
				VALIDATE_PRODUCT = YES;
			};
			name = Release;
		};
		A04445862791BF3600689F32 /* Debug */ = {
			isa = XCBuildConfiguration;
			baseConfigurationReference = A842F2E0879D96072A3C49E9 /* Pods-Kamaemon.debug.xcconfig */;
			buildSettings = {
				ASSETCATALOG_COMPILER_APPICON_NAME = AppIcon;
				ASSETCATALOG_COMPILER_GLOBAL_ACCENT_COLOR_NAME = AccentColor;
				ASSETCATALOG_COMPILER_INCLUDE_ALL_APPICON_ASSETS = NO;
				CODE_SIGN_STYLE = Automatic;
				CURRENT_PROJECT_VERSION = 1;
				DEVELOPMENT_TEAM = CZ768BK8BN;
				GENERATE_INFOPLIST_FILE = YES;
				INFOPLIST_FILE = Kamaemon/Info.plist;
				INFOPLIST_KEY_CFBundleDisplayName = Kamaemon;
				INFOPLIST_KEY_NSCameraUsageDescription = "Camera is required to capture images used for the application, such as NRIC, Selfie for identity verification.";
				INFOPLIST_KEY_NSLocationAlwaysAndWhenInUseUsageDescription = "This app uses your location information to show on the map.";
				INFOPLIST_KEY_NSLocationWhenInUseUsageDescription = "This app uses your location information to show on the map.";
				INFOPLIST_KEY_UIApplicationSupportsIndirectInputEvents = YES;
				INFOPLIST_KEY_UILaunchStoryboardName = LaunchScreen;
				INFOPLIST_KEY_UIMainStoryboardFile = Main;
				INFOPLIST_KEY_UISupportedInterfaceOrientations = UIInterfaceOrientationPortrait;
				INFOPLIST_KEY_UISupportedInterfaceOrientations_iPad = "UIInterfaceOrientationPortrait UIInterfaceOrientationPortraitUpsideDown UIInterfaceOrientationLandscapeLeft UIInterfaceOrientationLandscapeRight";
				INFOPLIST_KEY_UISupportedInterfaceOrientations_iPhone = "UIInterfaceOrientationPortrait UIInterfaceOrientationLandscapeLeft UIInterfaceOrientationLandscapeRight";
				IPHONEOS_DEPLOYMENT_TARGET = 14.5;
				LD_RUNPATH_SEARCH_PATHS = (
					"$(inherited)",
					"@executable_path/Frameworks",
				);
				MARKETING_VERSION = 1.0;
				PRODUCT_BUNDLE_IDENTIFIER = sg.mad2.p02.team1.Kamaemon2;
				PRODUCT_NAME = "$(TARGET_NAME)";
				SWIFT_EMIT_LOC_STRINGS = YES;
				SWIFT_VERSION = 5.0;
				TARGETED_DEVICE_FAMILY = 1;
			};
			name = Debug;
		};
		A04445872791BF3600689F32 /* Release */ = {
			isa = XCBuildConfiguration;
			baseConfigurationReference = B6819080EF999DAD768FF109 /* Pods-Kamaemon.release.xcconfig */;
			buildSettings = {
				ASSETCATALOG_COMPILER_APPICON_NAME = AppIcon;
				ASSETCATALOG_COMPILER_GLOBAL_ACCENT_COLOR_NAME = AccentColor;
				ASSETCATALOG_COMPILER_INCLUDE_ALL_APPICON_ASSETS = NO;
				CODE_SIGN_STYLE = Automatic;
				CURRENT_PROJECT_VERSION = 1;
				DEVELOPMENT_TEAM = CZ768BK8BN;
				GENERATE_INFOPLIST_FILE = YES;
				INFOPLIST_FILE = Kamaemon/Info.plist;
				INFOPLIST_KEY_CFBundleDisplayName = Kamaemon;
				INFOPLIST_KEY_NSCameraUsageDescription = "Camera is required to capture images used for the application, such as NRIC, Selfie for identity verification.";
				INFOPLIST_KEY_NSLocationAlwaysAndWhenInUseUsageDescription = "This app uses your location information to show on the map.";
				INFOPLIST_KEY_NSLocationWhenInUseUsageDescription = "This app uses your location information to show on the map.";
				INFOPLIST_KEY_UIApplicationSupportsIndirectInputEvents = YES;
				INFOPLIST_KEY_UILaunchStoryboardName = LaunchScreen;
				INFOPLIST_KEY_UIMainStoryboardFile = Main;
				INFOPLIST_KEY_UISupportedInterfaceOrientations = UIInterfaceOrientationPortrait;
				INFOPLIST_KEY_UISupportedInterfaceOrientations_iPad = "UIInterfaceOrientationPortrait UIInterfaceOrientationPortraitUpsideDown UIInterfaceOrientationLandscapeLeft UIInterfaceOrientationLandscapeRight";
				INFOPLIST_KEY_UISupportedInterfaceOrientations_iPhone = "UIInterfaceOrientationPortrait UIInterfaceOrientationLandscapeLeft UIInterfaceOrientationLandscapeRight";
				IPHONEOS_DEPLOYMENT_TARGET = 14.5;
				LD_RUNPATH_SEARCH_PATHS = (
					"$(inherited)",
					"@executable_path/Frameworks",
				);
				MARKETING_VERSION = 1.0;
				PRODUCT_BUNDLE_IDENTIFIER = sg.mad2.p02.team1.Kamaemon2;
				PRODUCT_NAME = "$(TARGET_NAME)";
				SWIFT_EMIT_LOC_STRINGS = YES;
				SWIFT_VERSION = 5.0;
				TARGETED_DEVICE_FAMILY = 1;
			};
			name = Release;
		};
/* End XCBuildConfiguration section */

/* Begin XCConfigurationList section */
		A04445692791BF3300689F32 /* Build configuration list for PBXProject "Kamaemon" */ = {
			isa = XCConfigurationList;
			buildConfigurations = (
				A04445832791BF3600689F32 /* Debug */,
				A04445842791BF3600689F32 /* Release */,
			);
			defaultConfigurationIsVisible = 0;
			defaultConfigurationName = Release;
		};
		A04445852791BF3600689F32 /* Build configuration list for PBXNativeTarget "Kamaemon" */ = {
			isa = XCConfigurationList;
			buildConfigurations = (
				A04445862791BF3600689F32 /* Debug */,
				A04445872791BF3600689F32 /* Release */,
			);
			defaultConfigurationIsVisible = 0;
			defaultConfigurationName = Release;
		};
/* End XCConfigurationList section */

/* Begin XCRemoteSwiftPackageReference section */
		E66E64C1279308B2002BBE7E /* XCRemoteSwiftPackageReference "firebase-ios-sdk" */ = {
			isa = XCRemoteSwiftPackageReference;
			repositoryURL = "https://github.com/firebase/firebase-ios-sdk";
			requirement = {
				kind = upToNextMajorVersion;
				minimumVersion = 8.0.0;
			};
		};
/* End XCRemoteSwiftPackageReference section */

/* Begin XCSwiftPackageProductDependency section */
		A0B9A02F279A7EF300F8E7BD /* FirebaseStorage */ = {
			isa = XCSwiftPackageProductDependency;
			package = E66E64C1279308B2002BBE7E /* XCRemoteSwiftPackageReference "firebase-ios-sdk" */;
			productName = FirebaseStorage;
		};
		E66E64C2279308B2002BBE7E /* FirebaseAuth */ = {
			isa = XCSwiftPackageProductDependency;
			package = E66E64C1279308B2002BBE7E /* XCRemoteSwiftPackageReference "firebase-ios-sdk" */;
			productName = FirebaseAuth;
		};
		E66E64C4279308B2002BBE7E /* FirebaseAuthCombine-Community */ = {
			isa = XCSwiftPackageProductDependency;
			package = E66E64C1279308B2002BBE7E /* XCRemoteSwiftPackageReference "firebase-ios-sdk" */;
			productName = "FirebaseAuthCombine-Community";
		};
		E66E64C6279308B2002BBE7E /* FirebaseDatabase */ = {
			isa = XCSwiftPackageProductDependency;
			package = E66E64C1279308B2002BBE7E /* XCRemoteSwiftPackageReference "firebase-ios-sdk" */;
			productName = FirebaseDatabase;
		};
		E66E64C8279308B2002BBE7E /* FirebaseDatabaseSwift-Beta */ = {
			isa = XCSwiftPackageProductDependency;
			package = E66E64C1279308B2002BBE7E /* XCRemoteSwiftPackageReference "firebase-ios-sdk" */;
			productName = "FirebaseDatabaseSwift-Beta";
		};
		E66E64CB27930989002BBE7E /* FirebaseAnalytics */ = {
			isa = XCSwiftPackageProductDependency;
			package = E66E64C1279308B2002BBE7E /* XCRemoteSwiftPackageReference "firebase-ios-sdk" */;
			productName = FirebaseAnalytics;
		};
/* End XCSwiftPackageProductDependency section */

/* Begin XCVersionGroup section */
		A044457A2791BF3300689F32 /* Kamaemon.xcdatamodeld */ = {
			isa = XCVersionGroup;
			children = (
				A044457B2791BF3300689F32 /* Kamaemon.xcdatamodel */,
			);
			currentVersion = A044457B2791BF3300689F32 /* Kamaemon.xcdatamodel */;
			path = Kamaemon.xcdatamodeld;
			sourceTree = "<group>";
			versionGroupType = wrapper.xcdatamodel;
		};
/* End XCVersionGroup section */
	};
	rootObject = A04445662791BF3300689F32 /* Project object */;
}
